// !$*UTF8*$!
{
	archiveVersion = 1;
	classes = {
	};
	objectVersion = 50;
	objects = {

/* Begin PBXBuildFile section */
		9600F7BD266960BE00B3E151 /* PossitionTableViewCell.swift in Sources */ = {isa = PBXBuildFile; fileRef = 9600F7BC266960BE00B3E151 /* PossitionTableViewCell.swift */; };
		9600F7CD2669696A00B3E151 /* SavedTrajectoriesViewController.swift in Sources */ = {isa = PBXBuildFile; fileRef = 9600F7CC2669696A00B3E151 /* SavedTrajectoriesViewController.swift */; };
		96E251AF26680F1500698977 /* AppDelegate.swift in Sources */ = {isa = PBXBuildFile; fileRef = 96E251AE26680F1500698977 /* AppDelegate.swift */; };
		96E251B126680F1500698977 /* SceneDelegate.swift in Sources */ = {isa = PBXBuildFile; fileRef = 96E251B026680F1500698977 /* SceneDelegate.swift */; };
		96E251B326680F1500698977 /* MainViewController.swift in Sources */ = {isa = PBXBuildFile; fileRef = 96E251B226680F1500698977 /* MainViewController.swift */; };
		96E251B626680F1500698977 /* Main.storyboard in Resources */ = {isa = PBXBuildFile; fileRef = 96E251B426680F1500698977 /* Main.storyboard */; };
		96E251B926680F1500698977 /* TrajectoriesLog.xcdatamodeld in Sources */ = {isa = PBXBuildFile; fileRef = 96E251B726680F1500698977 /* TrajectoriesLog.xcdatamodeld */; };
		96E251BB26680F1900698977 /* Assets.xcassets in Resources */ = {isa = PBXBuildFile; fileRef = 96E251BA26680F1900698977 /* Assets.xcassets */; };
		96E251BE26680F1900698977 /* LaunchScreen.storyboard in Resources */ = {isa = PBXBuildFile; fileRef = 96E251BC26680F1900698977 /* LaunchScreen.storyboard */; };
		96E251F02669379900698977 /* GPSData.swift in Sources */ = {isa = PBXBuildFile; fileRef = 96E251EF2669379900698977 /* GPSData.swift */; };
		96E251F82669385600698977 /* GPSServiceManager.swift in Sources */ = {isa = PBXBuildFile; fileRef = 96E251F72669385600698977 /* GPSServiceManager.swift */; };
		96E251FB26693A8900698977 /* PossitionModel.swift in Sources */ = {isa = PBXBuildFile; fileRef = 96E251FA26693A8900698977 /* PossitionModel.swift */; };
		96E25206266958AE00698977 /* PossitionsLogViewController.swift in Sources */ = {isa = PBXBuildFile; fileRef = 96E25205266958AD00698977 /* PossitionsLogViewController.swift */; };
		96E6B979266983E000334818 /* CoreDataService.swift in Sources */ = {isa = PBXBuildFile; fileRef = 96E6B978266983E000334818 /* CoreDataService.swift */; };
		96E6B98326698AE200334818 /* SavedTrajectoriesTableViewCell.swift in Sources */ = {isa = PBXBuildFile; fileRef = 96E6B98226698AE200334818 /* SavedTrajectoriesTableViewCell.swift */; };
/* End PBXBuildFile section */

/* Begin PBXFileReference section */
		9600F7BC266960BE00B3E151 /* PossitionTableViewCell.swift */ = {isa = PBXFileReference; lastKnownFileType = sourcecode.swift; path = PossitionTableViewCell.swift; sourceTree = "<group>"; };
		9600F7CC2669696A00B3E151 /* SavedTrajectoriesViewController.swift */ = {isa = PBXFileReference; lastKnownFileType = sourcecode.swift; name = SavedTrajectoriesViewController.swift; path = ../View/SavedTrajectoriesViewController.swift; sourceTree = "<group>"; };
		96E251AB26680F1500698977 /* GPS tracker app.app */ = {isa = PBXFileReference; explicitFileType = wrapper.application; includeInIndex = 0; path = "GPS tracker app.app"; sourceTree = BUILT_PRODUCTS_DIR; };
		96E251AE26680F1500698977 /* AppDelegate.swift */ = {isa = PBXFileReference; lastKnownFileType = sourcecode.swift; path = AppDelegate.swift; sourceTree = "<group>"; };
		96E251B026680F1500698977 /* SceneDelegate.swift */ = {isa = PBXFileReference; lastKnownFileType = sourcecode.swift; path = SceneDelegate.swift; sourceTree = "<group>"; };
		96E251B226680F1500698977 /* MainViewController.swift */ = {isa = PBXFileReference; lastKnownFileType = sourcecode.swift; path = MainViewController.swift; sourceTree = "<group>"; };
		96E251B526680F1500698977 /* Base */ = {isa = PBXFileReference; lastKnownFileType = file.storyboard; name = Base; path = Base.lproj/Main.storyboard; sourceTree = "<group>"; };
		96E251B826680F1500698977 /* GPS_tracker_app.xcdatamodel */ = {isa = PBXFileReference; lastKnownFileType = wrapper.xcdatamodel; path = GPS_tracker_app.xcdatamodel; sourceTree = "<group>"; };
		96E251BA26680F1900698977 /* Assets.xcassets */ = {isa = PBXFileReference; lastKnownFileType = folder.assetcatalog; path = Assets.xcassets; sourceTree = "<group>"; };
		96E251BD26680F1900698977 /* Base */ = {isa = PBXFileReference; lastKnownFileType = file.storyboard; name = Base; path = Base.lproj/LaunchScreen.storyboard; sourceTree = "<group>"; };
		96E251BF26680F1900698977 /* Info.plist */ = {isa = PBXFileReference; lastKnownFileType = text.plist.xml; path = Info.plist; sourceTree = "<group>"; };
		96E251EF2669379900698977 /* GPSData.swift */ = {isa = PBXFileReference; lastKnownFileType = sourcecode.swift; path = GPSData.swift; sourceTree = "<group>"; };
		96E251F72669385600698977 /* GPSServiceManager.swift */ = {isa = PBXFileReference; lastKnownFileType = sourcecode.swift; path = GPSServiceManager.swift; sourceTree = "<group>"; };
		96E251FA26693A8900698977 /* PossitionModel.swift */ = {isa = PBXFileReference; lastKnownFileType = sourcecode.swift; path = PossitionModel.swift; sourceTree = "<group>"; };
		96E25205266958AD00698977 /* PossitionsLogViewController.swift */ = {isa = PBXFileReference; lastKnownFileType = sourcecode.swift; path = PossitionsLogViewController.swift; sourceTree = "<group>"; };
		96E6B978266983E000334818 /* CoreDataService.swift */ = {isa = PBXFileReference; lastKnownFileType = sourcecode.swift; path = CoreDataService.swift; sourceTree = "<group>"; };
		96E6B98226698AE200334818 /* SavedTrajectoriesTableViewCell.swift */ = {isa = PBXFileReference; lastKnownFileType = sourcecode.swift; path = SavedTrajectoriesTableViewCell.swift; sourceTree = "<group>"; };
/* End PBXFileReference section */

/* Begin PBXFrameworksBuildPhase section */
		96E251A826680F1500698977 /* Frameworks */ = {
			isa = PBXFrameworksBuildPhase;
			buildActionMask = 2147483647;
			files = (
			);
			runOnlyForDeploymentPostprocessing = 0;
		};
/* End PBXFrameworksBuildPhase section */

/* Begin PBXGroup section */
		96E251A226680F1500698977 = {
			isa = PBXGroup;
			children = (
				96E251AD26680F1500698977 /* GPS tracker app */,
				96E251AC26680F1500698977 /* Products */,
			);
			sourceTree = "<group>";
		};
		96E251AC26680F1500698977 /* Products */ = {
			isa = PBXGroup;
			children = (
				96E251AB26680F1500698977 /* GPS tracker app.app */,
			);
			name = Products;
			sourceTree = "<group>";
		};
		96E251AD26680F1500698977 /* GPS tracker app */ = {
			isa = PBXGroup;
			children = (
				96E251AE26680F1500698977 /* AppDelegate.swift */,
				96E251B026680F1500698977 /* SceneDelegate.swift */,
				96E251F2266937A200698977 /* Model */,
				96E251EB2668118900698977 /* View */,
				96E2520926695B3C00698977 /* Controller */,
				96E251BA26680F1900698977 /* Assets.xcassets */,
				96E251BF26680F1900698977 /* Info.plist */,
			);
			path = "GPS tracker app";
			sourceTree = "<group>";
		};
		96E251EB2668118900698977 /* View */ = {
			isa = PBXGroup;
			children = (
				96E251B426680F1500698977 /* Main.storyboard */,
				96E251BC26680F1900698977 /* LaunchScreen.storyboard */,
			);
			path = View;
			sourceTree = "<group>";
		};
		96E251F2266937A200698977 /* Model */ = {
			isa = PBXGroup;
			children = (
				96E251EF2669379900698977 /* GPSData.swift */,
				96E251F72669385600698977 /* GPSServiceManager.swift */,
				96E251FA26693A8900698977 /* PossitionModel.swift */,
				96E251B726680F1500698977 /* TrajectoriesLog.xcdatamodeld */,
				96E6B978266983E000334818 /* CoreDataService.swift */,
			);
			path = Model;
			sourceTree = "<group>";
		};
		96E2520926695B3C00698977 /* Controller */ = {
			isa = PBXGroup;
			children = (
				96E251B226680F1500698977 /* MainViewController.swift */,
				96E25205266958AD00698977 /* PossitionsLogViewController.swift */,
				9600F7BC266960BE00B3E151 /* PossitionTableViewCell.swift */,
				9600F7CC2669696A00B3E151 /* SavedTrajectoriesViewController.swift */,
				96E6B98226698AE200334818 /* SavedTrajectoriesTableViewCell.swift */,
			);
			path = Controller;
			sourceTree = "<group>";
		};
/* End PBXGroup section */

/* Begin PBXNativeTarget section */
		96E251AA26680F1500698977 /* GPS tracker app */ = {
			isa = PBXNativeTarget;
			buildConfigurationList = 96E251C226680F1900698977 /* Build configuration list for PBXNativeTarget "GPS tracker app" */;
			buildPhases = (
				96E251A726680F1500698977 /* Sources */,
				96E251A826680F1500698977 /* Frameworks */,
				96E251A926680F1500698977 /* Resources */,
			);
			buildRules = (
			);
			dependencies = (
			);
			name = "GPS tracker app";
			productName = "GPS tracker app";
			productReference = 96E251AB26680F1500698977 /* GPS tracker app.app */;
			productType = "com.apple.product-type.application";
		};
/* End PBXNativeTarget section */

/* Begin PBXProject section */
		96E251A326680F1500698977 /* Project object */ = {
			isa = PBXProject;
			attributes = {
				LastSwiftUpdateCheck = 1240;
				LastUpgradeCheck = 1240;
				TargetAttributes = {
					96E251AA26680F1500698977 = {
						CreatedOnToolsVersion = 12.4;
					};
				};
			};
			buildConfigurationList = 96E251A626680F1500698977 /* Build configuration list for PBXProject "GPS tracker app" */;
			compatibilityVersion = "Xcode 9.3";
			developmentRegion = en;
			hasScannedForEncodings = 0;
			knownRegions = (
				en,
				Base,
			);
			mainGroup = 96E251A226680F1500698977;
			productRefGroup = 96E251AC26680F1500698977 /* Products */;
			projectDirPath = "";
			projectRoot = "";
			targets = (
				96E251AA26680F1500698977 /* GPS tracker app */,
			);
		};
/* End PBXProject section */

/* Begin PBXResourcesBuildPhase section */
		96E251A926680F1500698977 /* Resources */ = {
			isa = PBXResourcesBuildPhase;
			buildActionMask = 2147483647;
			files = (
				96E251BE26680F1900698977 /* LaunchScreen.storyboard in Resources */,
				96E251BB26680F1900698977 /* Assets.xcassets in Resources */,
				96E251B626680F1500698977 /* Main.storyboard in Resources */,
			);
			runOnlyForDeploymentPostprocessing = 0;
		};
/* End PBXResourcesBuildPhase section */

/* Begin PBXSourcesBuildPhase section */
		96E251A726680F1500698977 /* Sources */ = {
			isa = PBXSourcesBuildPhase;
			buildActionMask = 2147483647;
			files = (
				96E251B326680F1500698977 /* MainViewController.swift in Sources */,
				96E251F02669379900698977 /* GPSData.swift in Sources */,
				96E251FB26693A8900698977 /* PossitionModel.swift in Sources */,
				96E25206266958AE00698977 /* PossitionsLogViewController.swift in Sources */,
				96E251F82669385600698977 /* GPSServiceManager.swift in Sources */,
				9600F7CD2669696A00B3E151 /* SavedTrajectoriesViewController.swift in Sources */,
				96E251B926680F1500698977 /* TrajectoriesLog.xcdatamodeld in Sources */,
				96E251AF26680F1500698977 /* AppDelegate.swift in Sources */,
				96E6B98326698AE200334818 /* SavedTrajectoriesTableViewCell.swift in Sources */,
				96E6B979266983E000334818 /* CoreDataService.swift in Sources */,
				9600F7BD266960BE00B3E151 /* PossitionTableViewCell.swift in Sources */,
				96E251B126680F1500698977 /* SceneDelegate.swift in Sources */,
			);
			runOnlyForDeploymentPostprocessing = 0;
		};
/* End PBXSourcesBuildPhase section */

/* Begin PBXVariantGroup section */
		96E251B426680F1500698977 /* Main.storyboard */ = {
			isa = PBXVariantGroup;
			children = (
				96E251B526680F1500698977 /* Base */,
			);
			name = Main.storyboard;
			sourceTree = "<group>";
		};
		96E251BC26680F1900698977 /* LaunchScreen.storyboard */ = {
			isa = PBXVariantGroup;
			children = (
				96E251BD26680F1900698977 /* Base */,
			);
			name = LaunchScreen.storyboard;
			sourceTree = "<group>";
		};
/* End PBXVariantGroup section */

/* Begin XCBuildConfiguration section */
		96E251C026680F1900698977 /* Debug */ = {
			isa = XCBuildConfiguration;
			buildSettings = {
				ALWAYS_SEARCH_USER_PATHS = NO;
				CLANG_ANALYZER_NONNULL = YES;
				CLANG_ANALYZER_NUMBER_OBJECT_CONVERSION = YES_AGGRESSIVE;
				CLANG_CXX_LANGUAGE_STANDARD = "gnu++14";
				CLANG_CXX_LIBRARY = "libc++";
				CLANG_ENABLE_MODULES = YES;
				CLANG_ENABLE_OBJC_ARC = YES;
				CLANG_ENABLE_OBJC_WEAK = YES;
				CLANG_WARN_BLOCK_CAPTURE_AUTORELEASING = YES;
				CLANG_WARN_BOOL_CONVERSION = YES;
				CLANG_WARN_COMMA = YES;
				CLANG_WARN_CONSTANT_CONVERSION = YES;
				CLANG_WARN_DEPRECATED_OBJC_IMPLEMENTATIONS = YES;
				CLANG_WARN_DIRECT_OBJC_ISA_USAGE = YES_ERROR;
				CLANG_WARN_DOCUMENTATION_COMMENTS = YES;
				CLANG_WARN_EMPTY_BODY = YES;
				CLANG_WARN_ENUM_CONVERSION = YES;
				CLANG_WARN_INFINITE_RECURSION = YES;
				CLANG_WARN_INT_CONVERSION = YES;
				CLANG_WARN_NON_LITERAL_NULL_CONVERSION = YES;
				CLANG_WARN_OBJC_IMPLICIT_RETAIN_SELF = YES;
				CLANG_WARN_OBJC_LITERAL_CONVERSION = YES;
				CLANG_WARN_OBJC_ROOT_CLASS = YES_ERROR;
				CLANG_WARN_QUOTED_INCLUDE_IN_FRAMEWORK_HEADER = YES;
				CLANG_WARN_RANGE_LOOP_ANALYSIS = YES;
				CLANG_WARN_STRICT_PROTOTYPES = YES;
				CLANG_WARN_SUSPICIOUS_MOVE = YES;
				CLANG_WARN_UNGUARDED_AVAILABILITY = YES_AGGRESSIVE;
				CLANG_WARN_UNREACHABLE_CODE = YES;
				CLANG_WARN__DUPLICATE_METHOD_MATCH = YES;
				COPY_PHASE_STRIP = NO;
				DEBUG_INFORMATION_FORMAT = dwarf;
				ENABLE_STRICT_OBJC_MSGSEND = YES;
				ENABLE_TESTABILITY = YES;
				GCC_C_LANGUAGE_STANDARD = gnu11;
				GCC_DYNAMIC_NO_PIC = NO;
				GCC_NO_COMMON_BLOCKS = YES;
				GCC_OPTIMIZATION_LEVEL = 0;
				GCC_PREPROCESSOR_DEFINITIONS = (
					"DEBUG=1",
					"$(inherited)",
				);
				GCC_WARN_64_TO_32_BIT_CONVERSION = YES;
				GCC_WARN_ABOUT_RETURN_TYPE = YES_ERROR;
				GCC_WARN_UNDECLARED_SELECTOR = YES;
				GCC_WARN_UNINITIALIZED_AUTOS = YES_AGGRESSIVE;
				GCC_WARN_UNUSED_FUNCTION = YES;
				GCC_WARN_UNUSED_VARIABLE = YES;
				IPHONEOS_DEPLOYMENT_TARGET = 14.4;
				MTL_ENABLE_DEBUG_INFO = INCLUDE_SOURCE;
				MTL_FAST_MATH = YES;
				ONLY_ACTIVE_ARCH = YES;
				SDKROOT = iphoneos;
				SWIFT_ACTIVE_COMPILATION_CONDITIONS = DEBUG;
				SWIFT_OPTIMIZATION_LEVEL = "-Onone";
			};
			name = Debug;
		};
		96E251C126680F1900698977 /* Release */ = {
			isa = XCBuildConfiguration;
			buildSettings = {
				ALWAYS_SEARCH_USER_PATHS = NO;
				CLANG_ANALYZER_NONNULL = YES;
				CLANG_ANALYZER_NUMBER_OBJECT_CONVERSION = YES_AGGRESSIVE;
				CLANG_CXX_LANGUAGE_STANDARD = "gnu++14";
				CLANG_CXX_LIBRARY = "libc++";
				CLANG_ENABLE_MODULES = YES;
				CLANG_ENABLE_OBJC_ARC = YES;
				CLANG_ENABLE_OBJC_WEAK = YES;
				CLANG_WARN_BLOCK_CAPTURE_AUTORELEASING = YES;
				CLANG_WARN_BOOL_CONVERSION = YES;
				CLANG_WARN_COMMA = YES;
				CLANG_WARN_CONSTANT_CONVERSION = YES;
				CLANG_WARN_DEPRECATED_OBJC_IMPLEMENTATIONS = YES;
				CLANG_WARN_DIRECT_OBJC_ISA_USAGE = YES_ERROR;
				CLANG_WARN_DOCUMENTATION_COMMENTS = YES;
				CLANG_WARN_EMPTY_BODY = YES;
				CLANG_WARN_ENUM_CONVERSION = YES;
				CLANG_WARN_INFINITE_RECURSION = YES;
				CLANG_WARN_INT_CONVERSION = YES;
				CLANG_WARN_NON_LITERAL_NULL_CONVERSION = YES;
				CLANG_WARN_OBJC_IMPLICIT_RETAIN_SELF = YES;
				CLANG_WARN_OBJC_LITERAL_CONVERSION = YES;
				CLANG_WARN_OBJC_ROOT_CLASS = YES_ERROR;
				CLANG_WARN_QUOTED_INCLUDE_IN_FRAMEWORK_HEADER = YES;
				CLANG_WARN_RANGE_LOOP_ANALYSIS = YES;
				CLANG_WARN_STRICT_PROTOTYPES = YES;
				CLANG_WARN_SUSPICIOUS_MOVE = YES;
				CLANG_WARN_UNGUARDED_AVAILABILITY = YES_AGGRESSIVE;
				CLANG_WARN_UNREACHABLE_CODE = YES;
				CLANG_WARN__DUPLICATE_METHOD_MATCH = YES;
				COPY_PHASE_STRIP = NO;
				DEBUG_INFORMATION_FORMAT = "dwarf-with-dsym";
				ENABLE_NS_ASSERTIONS = NO;
				ENABLE_STRICT_OBJC_MSGSEND = YES;
				GCC_C_LANGUAGE_STANDARD = gnu11;
				GCC_NO_COMMON_BLOCKS = YES;
				GCC_WARN_64_TO_32_BIT_CONVERSION = YES;
				GCC_WARN_ABOUT_RETURN_TYPE = YES_ERROR;
				GCC_WARN_UNDECLARED_SELECTOR = YES;
				GCC_WARN_UNINITIALIZED_AUTOS = YES_AGGRESSIVE;
				GCC_WARN_UNUSED_FUNCTION = YES;
				GCC_WARN_UNUSED_VARIABLE = YES;
				IPHONEOS_DEPLOYMENT_TARGET = 14.4;
				MTL_ENABLE_DEBUG_INFO = NO;
				MTL_FAST_MATH = YES;
				SDKROOT = iphoneos;
				SWIFT_COMPILATION_MODE = wholemodule;
				SWIFT_OPTIMIZATION_LEVEL = "-O";
				VALIDATE_PRODUCT = YES;
			};
			name = Release;
		};
		96E251C326680F1900698977 /* Debug */ = {
			isa = XCBuildConfiguration;
			buildSettings = {
				ASSETCATALOG_COMPILER_APPICON_NAME = AppIcon;
				ASSETCATALOG_COMPILER_GLOBAL_ACCENT_COLOR_NAME = AccentColor;
				CODE_SIGN_STYLE = Automatic;
				DEVELOPMENT_TEAM = 7PY24PLJ9F;
				INFOPLIST_FILE = "GPS tracker app/Info.plist";
				LD_RUNPATH_SEARCH_PATHS = (
					"$(inherited)",
					"@executable_path/Frameworks",
				);
				PRODUCT_BUNDLE_IDENTIFIER = "com.MohamedKhaled.GPS-tracker-app";
				PRODUCT_NAME = "$(TARGET_NAME)";
				SWIFT_VERSION = 5.0;
				TARGETED_DEVICE_FAMILY = "1,2";
			};
			name = Debug;
		};
		96E251C426680F1900698977 /* Release */ = {
			isa = XCBuildConfiguration;
			buildSettings = {
				ASSETCATALOG_COMPILER_APPICON_NAME = AppIcon;
				ASSETCATALOG_COMPILER_GLOBAL_ACCENT_COLOR_NAME = AccentColor;
				CODE_SIGN_STYLE = Automatic;
				DEVELOPMENT_TEAM = 7PY24PLJ9F;
				INFOPLIST_FILE = "GPS tracker app/Info.plist";
				LD_RUNPATH_SEARCH_PATHS = (
					"$(inherited)",
					"@executable_path/Frameworks",
				);
				PRODUCT_BUNDLE_IDENTIFIER = "com.MohamedKhaled.GPS-tracker-app";
				PRODUCT_NAME = "$(TARGET_NAME)";
				SWIFT_VERSION = 5.0;
				TARGETED_DEVICE_FAMILY = "1,2";
			};
			name = Release;
		};
/* End XCBuildConfiguration section */

/* Begin XCConfigurationList section */
		96E251A626680F1500698977 /* Build configuration list for PBXProject "GPS tracker app" */ = {
			isa = XCConfigurationList;
			buildConfigurations = (
				96E251C026680F1900698977 /* Debug */,
				96E251C126680F1900698977 /* Release */,
			);
			defaultConfigurationIsVisible = 0;
			defaultConfigurationName = Release;
		};
		96E251C226680F1900698977 /* Build configuration list for PBXNativeTarget "GPS tracker app" */ = {
			isa = XCConfigurationList;
			buildConfigurations = (
				96E251C326680F1900698977 /* Debug */,
				96E251C426680F1900698977 /* Release */,
			);
			defaultConfigurationIsVisible = 0;
			defaultConfigurationName = Release;
		};
/* End XCConfigurationList section */

/* Begin XCVersionGroup section */
		96E251B726680F1500698977 /* TrajectoriesLog.xcdatamodeld */ = {
			isa = XCVersionGroup;
			children = (
				96E251B826680F1500698977 /* GPS_tracker_app.xcdatamodel */,
			);
			currentVersion = 96E251B826680F1500698977 /* GPS_tracker_app.xcdatamodel */;
			path = TrajectoriesLog.xcdatamodeld;
			sourceTree = "<group>";
			versionGroupType = wrapper.xcdatamodel;
		};
/* End XCVersionGroup section */
	};
	rootObject = 96E251A326680F1500698977 /* Project object */;
}
